
Microsoft Visual Studio Solution File, Format Version 12.00
# Visual Studio 15
Project("{FAE04EC0-301F-11D3-BF4B-00C04F79EFBC}") = "Assembly-CSharp", "Assembly-CSharp.csproj", "{040B5948-D79A-5E64-A74F-15B6D4841252}"
EndProject
Global
	GlobalSection(SolutionConfigurationPlatforms) = preSolution
		Debug|Any CPU = Debug|Any CPU
		Release|Any CPU = Release|Any CPU
	EndGlobalSection
	GlobalSection(ProjectConfigurationPlatforms) = postSolution
		{040B5948-D79A-5E64-A74F-15B6D4841252}.Debug|Any CPU.ActiveCfg = Debug|Any CPU
		{040B5948-D79A-5E64-A74F-15B6D4841252}.Debug|Any CPU.Build.0 = Debug|Any CPU
		{040B5948-D79A-5E64-A74F-15B6D4841252}.Release|Any CPU.ActiveCfg = Release|Any CPU
		{040B5948-D79A-5E64-A74F-15B6D4841252}.Release|Any CPU.Build.0 = Release|Any CPU
	EndGlobalSection
	GlobalSection(SolutionProperties) = preSolution
		HideSolutionNode = FALSE
	EndGlobalSection
EndGlobal
